
Microsoft Visual Studio Solution File, Format Version 12.00
# Visual Studio Version 16
VisualStudioVersion = 16.0.32106.194
MinimumVisualStudioVersion = 10.0.40219.1
Project("{FAE04EC0-301F-11D3-BF4B-00C04F79EFBC}") = "Assignment2", "Assignment2\Assignment2.csproj", "{54AF8FA0-E40F-45CB-869E-99CAA2228DCA}"
EndProject
Project("{FAE04EC0-301F-11D3-BF4B-00C04F79EFBC}") = "Assignment2.Tests", "Assignment2.Tests\Assignment2.Tests.csproj", "{F6DC8F8D-AEA1-4E36-BEB4-14072A69EF29}"
EndProject
Global
	GlobalSection(SolutionConfigurationPlatforms) = preSolution
		Debug|Any CPU = Debug|Any CPU
		Release|Any CPU = Release|Any CPU
	EndGlobalSection
	GlobalSection(ProjectConfigurationPlatforms) = postSolution
		{54AF8FA0-E40F-45CB-869E-99CAA2228DCA}.Debug|Any CPU.ActiveCfg = Debug|Any CPU
		{54AF8FA0-E40F-45CB-869E-99CAA2228DCA}.Debug|Any CPU.Build.0 = Debug|Any CPU
		{54AF8FA0-E40F-45CB-869E-99CAA2228DCA}.Release|Any CPU.ActiveCfg = Release|Any CPU
		{54AF8FA0-E40F-45CB-869E-99CAA2228DCA}.Release|Any CPU.Build.0 = Release|Any CPU
		{F6DC8F8D-AEA1-4E36-BEB4-14072A69EF29}.Debug|Any CPU.ActiveCfg = Debug|Any CPU
		{F6DC8F8D-AEA1-4E36-BEB4-14072A69EF29}.Debug|Any CPU.Build.0 = Debug|Any CPU
		{F6DC8F8D-AEA1-4E36-BEB4-14072A69EF29}.Release|Any CPU.ActiveCfg = Release|Any CPU
		{F6DC8F8D-AEA1-4E36-BEB4-14072A69EF29}.Release|Any CPU.Build.0 = Release|Any CPU
	EndGlobalSection
	GlobalSection(SolutionProperties) = preSolution
		HideSolutionNode = FALSE
	EndGlobalSection
	GlobalSection(ExtensibilityGlobals) = postSolution
		SolutionGuid = {8E00FE1E-0D88-42D6-B711-3CA7AD98E6BA}
	EndGlobalSection
EndGlobal
